
Microsoft Visual Studio Solution File, Format Version 12.00
# Visual Studio Version 16
VisualStudioVersion = 16.0.31112.23
MinimumVisualStudioVersion = 10.0.40219.1
Project("{9A19103F-16F7-4668-BE54-9A1E7A4F7556}") = "ARS_ProjectSystem", "ARS ProjectSystem\ARS_ProjectSystem.csproj", "{F7710377-08BB-4FA6-955E-B31F63845A01}"
EndProject
Project("{FAE04EC0-301F-11D3-BF4B-00C04F79EFBC}") = "ARS_ProjectSystem.Test", "ARS_ProjectSystem.Test\ARS_ProjectSystem.Test.csproj", "{14A13B15-D54F-4374-8F1C-D8EEF4F46D98}"
EndProject
Global
	GlobalSection(SolutionConfigurationPlatforms) = preSolution
		Debug|Any CPU = Debug|Any CPU
		Release|Any CPU = Release|Any CPU
	EndGlobalSection
	GlobalSection(ProjectConfigurationPlatforms) = postSolution
		{F7710377-08BB-4FA6-955E-B31F63845A01}.Debug|Any CPU.ActiveCfg = Debug|Any CPU
		{F7710377-08BB-4FA6-955E-B31F63845A01}.Debug|Any CPU.Build.0 = Debug|Any CPU
		{F7710377-08BB-4FA6-955E-B31F63845A01}.Release|Any CPU.ActiveCfg = Release|Any CPU
		{F7710377-08BB-4FA6-955E-B31F63845A01}.Release|Any CPU.Build.0 = Release|Any CPU
		{14A13B15-D54F-4374-8F1C-D8EEF4F46D98}.Debug|Any CPU.ActiveCfg = Debug|Any CPU
		{14A13B15-D54F-4374-8F1C-D8EEF4F46D98}.Debug|Any CPU.Build.0 = Debug|Any CPU
		{14A13B15-D54F-4374-8F1C-D8EEF4F46D98}.Release|Any CPU.ActiveCfg = Release|Any CPU
		{14A13B15-D54F-4374-8F1C-D8EEF4F46D98}.Release|Any CPU.Build.0 = Release|Any CPU
	EndGlobalSection
	GlobalSection(SolutionProperties) = preSolution
		HideSolutionNode = FALSE
	EndGlobalSection
	GlobalSection(ExtensibilityGlobals) = postSolution
		SolutionGuid = {4C52A1A0-E86F-43E4-AC54-94DA8237BC94}
	EndGlobalSection
EndGlobal
